
Microsoft Visual Studio Solution File, Format Version 12.00
# Visual Studio 15
VisualStudioVersion = 15.0.28010.2050
MinimumVisualStudioVersion = 10.0.40219.1
Project("{E24C65DC-7377-472B-9ABA-BC803B73C61A}") = "GraphicsAppDynamicVertices", "GraphicsAppDynamicVertices\", "{25EA498F-F0F9-4983-ADB0-A4B08F06F8E2}"
	ProjectSection(WebsiteProperties) = preProject
		TargetFrameworkMoniker = ".NETFramework,Version%3Dv4.6.1"
		Debug.AspNetCompiler.VirtualPath = "/localhost_60005"
		Debug.AspNetCompiler.PhysicalPath = "GraphicsAppDynamicVertices\"
		Debug.AspNetCompiler.TargetPath = "PrecompiledWeb\localhost_60005\"
		Debug.AspNetCompiler.Updateable = "true"
		Debug.AspNetCompiler.ForceOverwrite = "true"
		Debug.AspNetCompiler.FixedNames = "false"
		Debug.AspNetCompiler.Debug = "True"
		Release.AspNetCompiler.VirtualPath = "/localhost_60005"
		Release.AspNetCompiler.PhysicalPath = "GraphicsAppDynamicVertices\"
		Release.AspNetCompiler.TargetPath = "PrecompiledWeb\localhost_60005\"
		Release.AspNetCompiler.Updateable = "true"
		Release.AspNetCompiler.ForceOverwrite = "true"
		Release.AspNetCompiler.FixedNames = "false"
		Release.AspNetCompiler.Debug = "False"
		VWDPort = "60005"
		SlnRelativePath = "GraphicsAppDynamicVertices\"
		DefaultWebSiteLanguage = "Visual C#"
	EndProjectSection
EndProject
Global
	GlobalSection(SolutionConfigurationPlatforms) = preSolution
		Debug|Any CPU = Debug|Any CPU
	EndGlobalSection
	GlobalSection(ProjectConfigurationPlatforms) = postSolution
		{25EA498F-F0F9-4983-ADB0-A4B08F06F8E2}.Debug|Any CPU.ActiveCfg = Debug|Any CPU
		{25EA498F-F0F9-4983-ADB0-A4B08F06F8E2}.Debug|Any CPU.Build.0 = Debug|Any CPU
	EndGlobalSection
	GlobalSection(SolutionProperties) = preSolution
		HideSolutionNode = FALSE
	EndGlobalSection
	GlobalSection(ExtensibilityGlobals) = postSolution
		SolutionGuid = {5368BE05-EEC4-4CA2-B133-1BDE277C0F95}
	EndGlobalSection
EndGlobal
